
Microsoft Visual Studio Solution File, Format Version 12.00
# Visual Studio Version 17
VisualStudioVersion = 17.5.33103.201
MinimumVisualStudioVersion = 10.0.40219.1
Project("{9A19103F-16F7-4668-BE54-9A1E7A4F7556}") = "GigyaManagement.CLI", "GigyaManagement.CLI\GigyaManagement.CLI.csproj", "{F7E4A6B3-5894-485C-BFEB-038B44953463}"
EndProject
Project("{2150E333-8FDC-42A3-9474-1A3956D46DE8}") = "Solution Items", "Solution Items", "{0A5FF6FC-6E4F-4D6B-9587-A84E0C1EC849}"
	ProjectSection(SolutionItems) = preProject
		.github\workflows\dotnet.yml = .github\workflows\dotnet.yml
	EndProjectSection
EndProject
Global
	GlobalSection(SolutionConfigurationPlatforms) = preSolution
		Debug|Any CPU = Debug|Any CPU
		Release|Any CPU = Release|Any CPU
	EndGlobalSection
	GlobalSection(ProjectConfigurationPlatforms) = postSolution
		{F7E4A6B3-5894-485C-BFEB-038B44953463}.Debug|Any CPU.ActiveCfg = Debug|Any CPU
		{F7E4A6B3-5894-485C-BFEB-038B44953463}.Debug|Any CPU.Build.0 = Debug|Any CPU
		{F7E4A6B3-5894-485C-BFEB-038B44953463}.Release|Any CPU.ActiveCfg = Release|Any CPU
		{F7E4A6B3-5894-485C-BFEB-038B44953463}.Release|Any CPU.Build.0 = Release|Any CPU
	EndGlobalSection
	GlobalSection(SolutionProperties) = preSolution
		HideSolutionNode = FALSE
	EndGlobalSection
	GlobalSection(ExtensibilityGlobals) = postSolution
		SolutionGuid = {3DB13DCD-2238-417C-BE19-5BA6AF455B39}
	EndGlobalSection
EndGlobal
